
Microsoft Visual Studio Solution File, Format Version 12.00
# Visual Studio Version 16
VisualStudioVersion = 16.0.31515.178
MinimumVisualStudioVersion = 10.0.40219.1
Project("{FAE04EC0-301F-11D3-BF4B-00C04F79EFBC}") = "Miia", "Miia\Miia.csproj", "{578939E9-A4E4-4519-BF62-98C6E0EB77D4}"
EndProject
Global
	GlobalSection(SolutionConfigurationPlatforms) = preSolution
		Debug|Any CPU = Debug|Any CPU
		Release|Any CPU = Release|Any CPU
	EndGlobalSection
	GlobalSection(ProjectConfigurationPlatforms) = postSolution
		{578939E9-A4E4-4519-BF62-98C6E0EB77D4}.Debug|Any CPU.ActiveCfg = Debug|Any CPU
		{578939E9-A4E4-4519-BF62-98C6E0EB77D4}.Debug|Any CPU.Build.0 = Debug|Any CPU
		{578939E9-A4E4-4519-BF62-98C6E0EB77D4}.Release|Any CPU.ActiveCfg = Release|Any CPU
		{578939E9-A4E4-4519-BF62-98C6E0EB77D4}.Release|Any CPU.Build.0 = Release|Any CPU
	EndGlobalSection
	GlobalSection(SolutionProperties) = preSolution
		HideSolutionNode = FALSE
	EndGlobalSection
	GlobalSection(ExtensibilityGlobals) = postSolution
		SolutionGuid = {E8C31FB7-57FA-4B27-9ECD-4105363DF342}
	EndGlobalSection
EndGlobal
